
Microsoft Visual Studio Solution File, Format Version 12.00
# Visual Studio Version 16
VisualStudioVersion = 16.0.31105.61
MinimumVisualStudioVersion = 10.0.40219.1
Project("{FAE04EC0-301F-11D3-BF4B-00C04F79EFBC}") = "WebApplication1.Server", "WebApplication1\Server\WebApplication1.Server.csproj", "{34CB8D89-8787-43B5-8226-B9C70221CD3D}"
EndProject
Project("{FAE04EC0-301F-11D3-BF4B-00C04F79EFBC}") = "WebApplication1.Client", "WebApplication1\Client\WebApplication1.Client.csproj", "{0E4ED783-4BC8-4730-9767-C38D458F5156}"
EndProject
Project("{FAE04EC0-301F-11D3-BF4B-00C04F79EFBC}") = "WebApplication1.Shared", "WebApplication1\Shared\WebApplication1.Shared.csproj", "{735EDAFA-B083-4259-8C1B-7089DDA76972}"
EndProject
Global
	GlobalSection(SolutionConfigurationPlatforms) = preSolution
		Debug|Any CPU = Debug|Any CPU
		Release|Any CPU = Release|Any CPU
	EndGlobalSection
	GlobalSection(ProjectConfigurationPlatforms) = postSolution
		{34CB8D89-8787-43B5-8226-B9C70221CD3D}.Debug|Any CPU.ActiveCfg = Debug|Any CPU
		{34CB8D89-8787-43B5-8226-B9C70221CD3D}.Debug|Any CPU.Build.0 = Debug|Any CPU
		{34CB8D89-8787-43B5-8226-B9C70221CD3D}.Release|Any CPU.ActiveCfg = Release|Any CPU
		{34CB8D89-8787-43B5-8226-B9C70221CD3D}.Release|Any CPU.Build.0 = Release|Any CPU
		{0E4ED783-4BC8-4730-9767-C38D458F5156}.Debug|Any CPU.ActiveCfg = Debug|Any CPU
		{0E4ED783-4BC8-4730-9767-C38D458F5156}.Debug|Any CPU.Build.0 = Debug|Any CPU
		{0E4ED783-4BC8-4730-9767-C38D458F5156}.Release|Any CPU.ActiveCfg = Release|Any CPU
		{0E4ED783-4BC8-4730-9767-C38D458F5156}.Release|Any CPU.Build.0 = Release|Any CPU
		{735EDAFA-B083-4259-8C1B-7089DDA76972}.Debug|Any CPU.ActiveCfg = Debug|Any CPU
		{735EDAFA-B083-4259-8C1B-7089DDA76972}.Debug|Any CPU.Build.0 = Debug|Any CPU
		{735EDAFA-B083-4259-8C1B-7089DDA76972}.Release|Any CPU.ActiveCfg = Release|Any CPU
		{735EDAFA-B083-4259-8C1B-7089DDA76972}.Release|Any CPU.Build.0 = Release|Any CPU
	EndGlobalSection
	GlobalSection(SolutionProperties) = preSolution
		HideSolutionNode = FALSE
	EndGlobalSection
	GlobalSection(ExtensibilityGlobals) = postSolution
		SolutionGuid = {4CEADA53-9384-4792-9617-D1E196ED7D72}
	EndGlobalSection
EndGlobal
